
Microsoft Visual Studio Solution File, Format Version 12.00
# Visual Studio Version 16
VisualStudioVersion = 16.0.28803.202
MinimumVisualStudioVersion = 10.0.40219.1
Project("{9A19103F-16F7-4668-BE54-9A1E7A4F7556}") = "GeraFin.Models", "GeraFin.Models\GeraFin.Models.csproj", "{19DB5248-8821-4344-A0DE-50630C102959}"
EndProject
Project("{9A19103F-16F7-4668-BE54-9A1E7A4F7556}") = "GeraFin.DAL", "GeraFin.DAL\GeraFin.DAL.csproj", "{DB8BDA83-0336-49D1-ACFF-F33D318162AA}"
EndProject
Project("{9A19103F-16F7-4668-BE54-9A1E7A4F7556}") = "GeraFin.Web", "GeraFin.Web\GeraFin.Web.csproj", "{00EA4232-9812-495F-BB71-7B3AEEEF643B}"
EndProject
Project("{9A19103F-16F7-4668-BE54-9A1E7A4F7556}") = "GeraFin.InterFaces", "GeraFin.InterFaces\GeraFin.InterFaces.csproj", "{0EEB7A74-690D-44CE-B530-04F1AC13841E}"
EndProject
Project("{9A19103F-16F7-4668-BE54-9A1E7A4F7556}") = "GeraFin.Services", "GeraFin.Services\GeraFin.Services.csproj", "{35E0CB45-A341-49D0-BAF2-960043F3BC7A}"
EndProject
Project("{2150E333-8FDC-42A3-9474-1A3956D46DE8}") = "Solution Items", "Solution Items", "{CA7E7FBC-4AD6-4454-946E-9EDE5D991D04}"
	ProjectSection(SolutionItems) = preProject
		.editorconfig = .editorconfig
	EndProjectSection
EndProject
Global
	GlobalSection(SolutionConfigurationPlatforms) = preSolution
		Debug|Any CPU = Debug|Any CPU
		Debug|ARM = Debug|ARM
		Debug|ARM64 = Debug|ARM64
		Debug|x64 = Debug|x64
		Debug|x86 = Debug|x86
		Release|Any CPU = Release|Any CPU
		Release|ARM = Release|ARM
		Release|ARM64 = Release|ARM64
		Release|x64 = Release|x64
		Release|x86 = Release|x86
	EndGlobalSection
	GlobalSection(ProjectConfigurationPlatforms) = postSolution
		{19DB5248-8821-4344-A0DE-50630C102959}.Debug|Any CPU.ActiveCfg = Debug|Any CPU
		{19DB5248-8821-4344-A0DE-50630C102959}.Debug|Any CPU.Build.0 = Debug|Any CPU
		{19DB5248-8821-4344-A0DE-50630C102959}.Debug|ARM.ActiveCfg = Debug|Any CPU
		{19DB5248-8821-4344-A0DE-50630C102959}.Debug|ARM.Build.0 = Debug|Any CPU
		{19DB5248-8821-4344-A0DE-50630C102959}.Debug|ARM64.ActiveCfg = Debug|Any CPU
		{19DB5248-8821-4344-A0DE-50630C102959}.Debug|ARM64.Build.0 = Debug|Any CPU
		{19DB5248-8821-4344-A0DE-50630C102959}.Debug|x64.ActiveCfg = Debug|Any CPU
		{19DB5248-8821-4344-A0DE-50630C102959}.Debug|x64.Build.0 = Debug|Any CPU
		{19DB5248-8821-4344-A0DE-50630C102959}.Debug|x86.ActiveCfg = Debug|Any CPU
		{19DB5248-8821-4344-A0DE-50630C102959}.Debug|x86.Build.0 = Debug|Any CPU
		{19DB5248-8821-4344-A0DE-50630C102959}.Release|Any CPU.ActiveCfg = Release|Any CPU
		{19DB5248-8821-4344-A0DE-50630C102959}.Release|Any CPU.Build.0 = Release|Any CPU
		{19DB5248-8821-4344-A0DE-50630C102959}.Release|ARM.ActiveCfg = Release|Any CPU
		{19DB5248-8821-4344-A0DE-50630C102959}.Release|ARM.Build.0 = Release|Any CPU
		{19DB5248-8821-4344-A0DE-50630C102959}.Release|ARM64.ActiveCfg = Release|Any CPU
		{19DB5248-8821-4344-A0DE-50630C102959}.Release|ARM64.Build.0 = Release|Any CPU
		{19DB5248-8821-4344-A0DE-50630C102959}.Release|x64.ActiveCfg = Release|Any CPU
		{19DB5248-8821-4344-A0DE-50630C102959}.Release|x64.Build.0 = Release|Any CPU
		{19DB5248-8821-4344-A0DE-50630C102959}.Release|x86.ActiveCfg = Release|Any CPU
		{19DB5248-8821-4344-A0DE-50630C102959}.Release|x86.Build.0 = Release|Any CPU
		{DB8BDA83-0336-49D1-ACFF-F33D318162AA}.Debug|Any CPU.ActiveCfg = Debug|Any CPU
		{DB8BDA83-0336-49D1-ACFF-F33D318162AA}.Debug|Any CPU.Build.0 = Debug|Any CPU
		{DB8BDA83-0336-49D1-ACFF-F33D318162AA}.Debug|ARM.ActiveCfg = Debug|Any CPU
		{DB8BDA83-0336-49D1-ACFF-F33D318162AA}.Debug|ARM.Build.0 = Debug|Any CPU
		{DB8BDA83-0336-49D1-ACFF-F33D318162AA}.Debug|ARM64.ActiveCfg = Debug|Any CPU
		{DB8BDA83-0336-49D1-ACFF-F33D318162AA}.Debug|ARM64.Build.0 = Debug|Any CPU
		{DB8BDA83-0336-49D1-ACFF-F33D318162AA}.Debug|x64.ActiveCfg = Debug|Any CPU
		{DB8BDA83-0336-49D1-ACFF-F33D318162AA}.Debug|x64.Build.0 = Debug|Any CPU
		{DB8BDA83-0336-49D1-ACFF-F33D318162AA}.Debug|x86.ActiveCfg = Debug|Any CPU
		{DB8BDA83-0336-49D1-ACFF-F33D318162AA}.Debug|x86.Build.0 = Debug|Any CPU
		{DB8BDA83-0336-49D1-ACFF-F33D318162AA}.Release|Any CPU.ActiveCfg = Release|Any CPU
		{DB8BDA83-0336-49D1-ACFF-F33D318162AA}.Release|Any CPU.Build.0 = Release|Any CPU
		{DB8BDA83-0336-49D1-ACFF-F33D318162AA}.Release|ARM.ActiveCfg = Release|Any CPU
		{DB8BDA83-0336-49D1-ACFF-F33D318162AA}.Release|ARM.Build.0 = Release|Any CPU
		{DB8BDA83-0336-49D1-ACFF-F33D318162AA}.Release|ARM64.ActiveCfg = Release|Any CPU
		{DB8BDA83-0336-49D1-ACFF-F33D318162AA}.Release|ARM64.Build.0 = Release|Any CPU
		{DB8BDA83-0336-49D1-ACFF-F33D318162AA}.Release|x64.ActiveCfg = Release|Any CPU
		{DB8BDA83-0336-49D1-ACFF-F33D318162AA}.Release|x64.Build.0 = Release|Any CPU
		{DB8BDA83-0336-49D1-ACFF-F33D318162AA}.Release|x86.ActiveCfg = Release|Any CPU
		{DB8BDA83-0336-49D1-ACFF-F33D318162AA}.Release|x86.Build.0 = Release|Any CPU
		{00EA4232-9812-495F-BB71-7B3AEEEF643B}.Debug|Any CPU.ActiveCfg = Debug|Any CPU
		{00EA4232-9812-495F-BB71-7B3AEEEF643B}.Debug|Any CPU.Build.0 = Debug|Any CPU
		{00EA4232-9812-495F-BB71-7B3AEEEF643B}.Debug|ARM.ActiveCfg = Debug|Any CPU
		{00EA4232-9812-495F-BB71-7B3AEEEF643B}.Debug|ARM.Build.0 = Debug|Any CPU
		{00EA4232-9812-495F-BB71-7B3AEEEF643B}.Debug|ARM64.ActiveCfg = Debug|Any CPU
		{00EA4232-9812-495F-BB71-7B3AEEEF643B}.Debug|ARM64.Build.0 = Debug|Any CPU
		{00EA4232-9812-495F-BB71-7B3AEEEF643B}.Debug|x64.ActiveCfg = Debug|Any CPU
		{00EA4232-9812-495F-BB71-7B3AEEEF643B}.Debug|x64.Build.0 = Debug|Any CPU
		{00EA4232-9812-495F-BB71-7B3AEEEF643B}.Debug|x86.ActiveCfg = Debug|Any CPU
		{00EA4232-9812-495F-BB71-7B3AEEEF643B}.Debug|x86.Build.0 = Debug|Any CPU
		{00EA4232-9812-495F-BB71-7B3AEEEF643B}.Release|Any CPU.ActiveCfg = Release|Any CPU
		{00EA4232-9812-495F-BB71-7B3AEEEF643B}.Release|Any CPU.Build.0 = Release|Any CPU
		{00EA4232-9812-495F-BB71-7B3AEEEF643B}.Release|ARM.ActiveCfg = Release|Any CPU
		{00EA4232-9812-495F-BB71-7B3AEEEF643B}.Release|ARM.Build.0 = Release|Any CPU
		{00EA4232-9812-495F-BB71-7B3AEEEF643B}.Release|ARM64.ActiveCfg = Release|Any CPU
		{00EA4232-9812-495F-BB71-7B3AEEEF643B}.Release|ARM64.Build.0 = Release|Any CPU
		{00EA4232-9812-495F-BB71-7B3AEEEF643B}.Release|x64.ActiveCfg = Release|Any CPU
		{00EA4232-9812-495F-BB71-7B3AEEEF643B}.Release|x64.Build.0 = Release|Any CPU
		{00EA4232-9812-495F-BB71-7B3AEEEF643B}.Release|x86.ActiveCfg = Release|Any CPU
		{00EA4232-9812-495F-BB71-7B3AEEEF643B}.Release|x86.Build.0 = Release|Any CPU
		{0EEB7A74-690D-44CE-B530-04F1AC13841E}.Debug|Any CPU.ActiveCfg = Debug|Any CPU
		{0EEB7A74-690D-44CE-B530-04F1AC13841E}.Debug|Any CPU.Build.0 = Debug|Any CPU
		{0EEB7A74-690D-44CE-B530-04F1AC13841E}.Debug|ARM.ActiveCfg = Debug|Any CPU
		{0EEB7A74-690D-44CE-B530-04F1AC13841E}.Debug|ARM.Build.0 = Debug|Any CPU
		{0EEB7A74-690D-44CE-B530-04F1AC13841E}.Debug|ARM64.ActiveCfg = Debug|Any CPU
		{0EEB7A74-690D-44CE-B530-04F1AC13841E}.Debug|ARM64.Build.0 = Debug|Any CPU
		{0EEB7A74-690D-44CE-B530-04F1AC13841E}.Debug|x64.ActiveCfg = Debug|Any CPU
		{0EEB7A74-690D-44CE-B530-04F1AC13841E}.Debug|x64.Build.0 = Debug|Any CPU
		{0EEB7A74-690D-44CE-B530-04F1AC13841E}.Debug|x86.ActiveCfg = Debug|Any CPU
		{0EEB7A74-690D-44CE-B530-04F1AC13841E}.Debug|x86.Build.0 = Debug|Any CPU
		{0EEB7A74-690D-44CE-B530-04F1AC13841E}.Release|Any CPU.ActiveCfg = Release|Any CPU
		{0EEB7A74-690D-44CE-B530-04F1AC13841E}.Release|Any CPU.Build.0 = Release|Any CPU
		{0EEB7A74-690D-44CE-B530-04F1AC13841E}.Release|ARM.ActiveCfg = Release|Any CPU
		{0EEB7A74-690D-44CE-B530-04F1AC13841E}.Release|ARM.Build.0 = Release|Any CPU
		{0EEB7A74-690D-44CE-B530-04F1AC13841E}.Release|ARM64.ActiveCfg = Release|Any CPU
		{0EEB7A74-690D-44CE-B530-04F1AC13841E}.Release|ARM64.Build.0 = Release|Any CPU
		{0EEB7A74-690D-44CE-B530-04F1AC13841E}.Release|x64.ActiveCfg = Release|Any CPU
		{0EEB7A74-690D-44CE-B530-04F1AC13841E}.Release|x64.Build.0 = Release|Any CPU
		{0EEB7A74-690D-44CE-B530-04F1AC13841E}.Release|x86.ActiveCfg = Release|Any CPU
		{0EEB7A74-690D-44CE-B530-04F1AC13841E}.Release|x86.Build.0 = Release|Any CPU
		{35E0CB45-A341-49D0-BAF2-960043F3BC7A}.Debug|Any CPU.ActiveCfg = Debug|Any CPU
		{35E0CB45-A341-49D0-BAF2-960043F3BC7A}.Debug|Any CPU.Build.0 = Debug|Any CPU
		{35E0CB45-A341-49D0-BAF2-960043F3BC7A}.Debug|ARM.ActiveCfg = Debug|Any CPU
		{35E0CB45-A341-49D0-BAF2-960043F3BC7A}.Debug|ARM.Build.0 = Debug|Any CPU
		{35E0CB45-A341-49D0-BAF2-960043F3BC7A}.Debug|ARM64.ActiveCfg = Debug|Any CPU
		{35E0CB45-A341-49D0-BAF2-960043F3BC7A}.Debug|ARM64.Build.0 = Debug|Any CPU
		{35E0CB45-A341-49D0-BAF2-960043F3BC7A}.Debug|x64.ActiveCfg = Debug|Any CPU
		{35E0CB45-A341-49D0-BAF2-960043F3BC7A}.Debug|x64.Build.0 = Debug|Any CPU
		{35E0CB45-A341-49D0-BAF2-960043F3BC7A}.Debug|x86.ActiveCfg = Debug|Any CPU
		{35E0CB45-A341-49D0-BAF2-960043F3BC7A}.Debug|x86.Build.0 = Debug|Any CPU
		{35E0CB45-A341-49D0-BAF2-960043F3BC7A}.Release|Any CPU.ActiveCfg = Release|Any CPU
		{35E0CB45-A341-49D0-BAF2-960043F3BC7A}.Release|Any CPU.Build.0 = Release|Any CPU
		{35E0CB45-A341-49D0-BAF2-960043F3BC7A}.Release|ARM.ActiveCfg = Release|Any CPU
		{35E0CB45-A341-49D0-BAF2-960043F3BC7A}.Release|ARM.Build.0 = Release|Any CPU
		{35E0CB45-A341-49D0-BAF2-960043F3BC7A}.Release|ARM64.ActiveCfg = Release|Any CPU
		{35E0CB45-A341-49D0-BAF2-960043F3BC7A}.Release|ARM64.Build.0 = Release|Any CPU
		{35E0CB45-A341-49D0-BAF2-960043F3BC7A}.Release|x64.ActiveCfg = Release|Any CPU
		{35E0CB45-A341-49D0-BAF2-960043F3BC7A}.Release|x64.Build.0 = Release|Any CPU
		{35E0CB45-A341-49D0-BAF2-960043F3BC7A}.Release|x86.ActiveCfg = Release|Any CPU
		{35E0CB45-A341-49D0-BAF2-960043F3BC7A}.Release|x86.Build.0 = Release|Any CPU
	EndGlobalSection
	GlobalSection(SolutionProperties) = preSolution
		HideSolutionNode = FALSE
	EndGlobalSection
	GlobalSection(ExtensibilityGlobals) = postSolution
		SolutionGuid = {0F993996-863E-4140-AFA7-6A6E6B09E117}
		VisualSVNWorkingCopyRoot = .
	EndGlobalSection
EndGlobal
