{
  "requires": true,
  "lockfileVersion": 1,
  "dependencies": {
    "@syncfusion/ej2": {
      "version": "17.2.49",
      "resolved": "https://registry.npmjs.org/@syncfusion/ej2/-/ej2-17.2.49.tgz",
      "integrity": "sha512-Tv9TaygKr5k0nu4/8OWuiAc648U88Tj+sqU/fUOvw3OpyEWn8SbBG01VyvqHvfJIbzG1Cz32wkJyMmXh4GGYlw==",
      "requires": {
        "@syncfusion/ej2-barcode-generator": "~17.2.47",
        "@syncfusion/ej2-base": "~17.2.49",
        "@syncfusion/ej2-buttons": "~17.2.47",
        "@syncfusion/ej2-calendars": "~17.2.49",
        "@syncfusion/ej2-charts": "~17.2.49",
        "@syncfusion/ej2-circulargauge": "~17.2.47",
        "@syncfusion/ej2-compression": "~17.2.47",
        "@syncfusion/ej2-data": "~17.2.47",
        "@syncfusion/ej2-diagrams": "~17.2.49",
        "@syncfusion/ej2-documenteditor": "~17.2.49",
        "@syncfusion/ej2-drawings": "~17.2.47",
        "@syncfusion/ej2-dropdowns": "~17.2.49",
        "@syncfusion/ej2-excel-export": "~17.2.47",
        "@syncfusion/ej2-file-utils": "~17.2.47",
        "@syncfusion/ej2-filemanager": "~17.2.49",
        "@syncfusion/ej2-gantt": "~17.2.47",
        "@syncfusion/ej2-grids": "~17.2.49",
        "@syncfusion/ej2-heatmap": "~17.2.47",
        "@syncfusion/ej2-icons": "~17.2.47",
        "@syncfusion/ej2-inplace-editor": "~17.2.47",
        "@syncfusion/ej2-inputs": "~17.2.49",
        "@syncfusion/ej2-layouts": "~17.2.49",
        "@syncfusion/ej2-lineargauge": "~17.2.47",
        "@syncfusion/ej2-lists": "~17.2.47",
        "@syncfusion/ej2-maps": "~17.2.47",
        "@syncfusion/ej2-navigations": "~17.2.49",
        "@syncfusion/ej2-notifications": "~17.2.47",
        "@syncfusion/ej2-office-chart": "~17.2.47",
        "@syncfusion/ej2-pdf-export": "~17.2.47",
        "@syncfusion/ej2-pdfviewer": "~17.2.49",
        "@syncfusion/ej2-pivotview": "~17.2.47",
        "@syncfusion/ej2-popups": "~17.2.47",
        "@syncfusion/ej2-querybuilder": "~17.2.47",
        "@syncfusion/ej2-richtexteditor": "~17.2.49",
        "@syncfusion/ej2-schedule": "~17.2.49",
        "@syncfusion/ej2-splitbuttons": "~17.2.47",
        "@syncfusion/ej2-svg-base": "~17.2.47",
        "@syncfusion/ej2-treegrid": "~17.2.47",
        "@syncfusion/ej2-treemap": "~17.2.47",
        "tslib": "^1.8.0"
      }
    },
    "@syncfusion/ej2-barcode-generator": {
      "version": "17.2.47",
      "resolved": "https://registry.npmjs.org/@syncfusion/ej2-barcode-generator/-/ej2-barcode-generator-17.2.47.tgz",
      "integrity": "sha512-ZI68LF9VyGgc7+0HgUUQgYcSh8bXtrNnHyyS0sd3gxITQrVniQBuOWOfLQNSfM+pCguqBV11jhXe6+SM8kn96A==",
      "requires": {
        "@syncfusion/ej2-base": "~17.2.47",
        "@syncfusion/ej2-data": "~17.2.47"
      }
    },
    "@syncfusion/ej2-base": {
      "version": "17.2.49",
      "resolved": "https://registry.npmjs.org/@syncfusion/ej2-base/-/ej2-base-17.2.49.tgz",
      "integrity": "sha512-SLJ5Fw0BBtbmybuICIclcAkVx0p4qC7pxrGI5cHBUMtQQHvUcS9lpK2pw+6TyfkgP9wCvr7x0vXGwqZHDPssGA==",
      "requires": {
        "@syncfusion/ej2-icons": "~17.2.47"
      }
    },
    "@syncfusion/ej2-buttons": {
      "version": "17.2.47",
      "resolved": "https://registry.npmjs.org/@syncfusion/ej2-buttons/-/ej2-buttons-17.2.47.tgz",
      "integrity": "sha512-d0rmJyu01B5ykAhMQnjHaIyC99h4IiV+ZO/YTxMSuzcbyaSE6zFe4BVzwX6pRR60JtsVzXQyVEgMKgcqSeKF3g==",
      "requires": {
        "@syncfusion/ej2-base": "~17.2.47"
      }
    },
    "@syncfusion/ej2-calendars": {
      "version": "17.2.49",
      "resolved": "https://registry.npmjs.org/@syncfusion/ej2-calendars/-/ej2-calendars-17.2.49.tgz",
      "integrity": "sha512-x1LopC27/vDAe7lLM3YX70zVe34SxtMdQFEZzlht5LeKtLvs0v17iv0xEDsTlUzu+0u/a4vLV/DAZ6nH5Zo6Ow==",
      "requires": {
        "@syncfusion/ej2-base": "~17.2.49",
        "@syncfusion/ej2-buttons": "~17.2.47",
        "@syncfusion/ej2-inputs": "~17.2.49",
        "@syncfusion/ej2-lists": "~17.2.47",
        "@syncfusion/ej2-popups": "~17.2.47"
      }
    },
    "@syncfusion/ej2-charts": {
      "version": "17.2.49",
      "resolved": "https://registry.npmjs.org/@syncfusion/ej2-charts/-/ej2-charts-17.2.49.tgz",
      "integrity": "sha512-s3CCxSC/1nrpfKZSL/szbT5M1H1QFMTcmKmlGeW3Z9Q1HMn4HrY+rgli0XH99kZNbDZ3nSPD3SuYfl9eXkjfAA==",
      "requires": {
        "@syncfusion/ej2-base": "~17.2.49",
        "@syncfusion/ej2-calendars": "~17.2.49",
        "@syncfusion/ej2-compression": "~17.2.47",
        "@syncfusion/ej2-data": "~17.2.47",
        "@syncfusion/ej2-file-utils": "~17.2.47",
        "@syncfusion/ej2-navigations": "~17.2.49",
        "@syncfusion/ej2-pdf-export": "~17.2.47",
        "@syncfusion/ej2-svg-base": "~17.2.47"
      }
    },
    "@syncfusion/ej2-circulargauge": {
      "version": "17.2.47",
      "resolved": "https://registry.npmjs.org/@syncfusion/ej2-circulargauge/-/ej2-circulargauge-17.2.47.tgz",
      "integrity": "sha512-s98IkgtBg9Ved5FGCL+6jZXD3LDGIVp4P6p7L83BgQCbr4PIakb151GfR01s+eGscUi1xcnv00y8g01b2oWt4w==",
      "requires": {
        "@syncfusion/ej2-base": "~17.2.47",
        "@syncfusion/ej2-popups": "~17.2.47",
        "@syncfusion/ej2-svg-base": "~17.2.47"
      }
    },
    "@syncfusion/ej2-compression": {
      "version": "17.2.47",
      "resolved": "https://registry.npmjs.org/@syncfusion/ej2-compression/-/ej2-compression-17.2.47.tgz",
      "integrity": "sha512-zJApwRGe8WBwnIp8rRJ643/mGWp6U35zBxfL3KksRWlMS71hvTE21SxPBYmcpZrgCEuY1H7QchdL6JGYvt7Jxw==",
      "requires": {
        "@syncfusion/ej2-file-utils": "~17.2.47"
      }
    },
    "@syncfusion/ej2-data": {
      "version": "17.2.47",
      "resolved": "https://registry.npmjs.org/@syncfusion/ej2-data/-/ej2-data-17.2.47.tgz",
      "integrity": "sha512-8MWcBz5sx0jb2C+i8aiTWFxFPlrbFsBAI7xNKG78C0tgRd7EUEV1DMvm/8hBS0D3OuaZiNLAXt3yuCg7k+Y5lA==",
      "requires": {
        "@syncfusion/ej2-base": "~17.2.47"
      }
    },
    "@syncfusion/ej2-diagrams": {
      "version": "17.2.49",
      "resolved": "https://registry.npmjs.org/@syncfusion/ej2-diagrams/-/ej2-diagrams-17.2.49.tgz",
      "integrity": "sha512-HldD43FMh+vykm4y5HfNPb+YIku2BJp3OddJbSigBQX1PmTD3zFw6iu/GSmemXDnwzAqR2wuwnauUntkO4BQAA==",
      "requires": {
        "@syncfusion/ej2-base": "~17.2.49",
        "@syncfusion/ej2-buttons": "~17.2.47",
        "@syncfusion/ej2-data": "~17.2.47",
        "@syncfusion/ej2-inputs": "~17.2.49",
        "@syncfusion/ej2-lists": "~17.2.47",
        "@syncfusion/ej2-navigations": "~17.2.49",
        "@syncfusion/ej2-popups": "~17.2.47"
      }
    },
    "@syncfusion/ej2-documenteditor": {
      "version": "17.2.49",
      "resolved": "https://registry.npmjs.org/@syncfusion/ej2-documenteditor/-/ej2-documenteditor-17.2.49.tgz",
      "integrity": "sha512-KKfGDMNsfzAnWq4USJXO26SZgQ9SQjKTpMD/o53N6s0Ud6HZHfkf8oMbPUQ033Lnqjc5qz/CH7h3x8K+JjIX1g==",
      "requires": {
        "@syncfusion/ej2-base": "~17.2.49",
        "@syncfusion/ej2-buttons": "~17.2.47",
        "@syncfusion/ej2-compression": "~17.2.47",
        "@syncfusion/ej2-dropdowns": "~17.2.49",
        "@syncfusion/ej2-file-utils": "~17.2.47",
        "@syncfusion/ej2-inputs": "~17.2.49",
        "@syncfusion/ej2-navigations": "~17.2.49",
        "@syncfusion/ej2-office-chart": "~17.2.47",
        "@syncfusion/ej2-popups": "~17.2.47",
        "@syncfusion/ej2-splitbuttons": "~17.2.47"
      }
    },
    "@syncfusion/ej2-drawings": {
      "version": "17.2.47",
      "resolved": "https://registry.npmjs.org/@syncfusion/ej2-drawings/-/ej2-drawings-17.2.47.tgz",
      "integrity": "sha512-kANCBoLk8LO8J2pBEUtGU2/7VAEzMr16App5Cp20Yt/OmUXWwG6y79u9uf30kaPeZaKNxTIluRR+jb+Y8oQr0A==",
      "requires": {
        "@syncfusion/ej2-base": "~17.2.47",
        "@syncfusion/ej2-data": "~17.2.47"
      }
    },
    "@syncfusion/ej2-dropdowns": {
      "version": "17.2.49",
      "resolved": "https://registry.npmjs.org/@syncfusion/ej2-dropdowns/-/ej2-dropdowns-17.2.49.tgz",
      "integrity": "sha512-Cag867eEvk2quZKnektzMz9ugAwQUpnnRb1PKzcPrCIK8+S2cVavUvTHPtFM/ieUk5foggOQKtHuphDbfEiXBg==",
      "requires": {
        "@syncfusion/ej2-base": "~17.2.49",
        "@syncfusion/ej2-data": "~17.2.47",
        "@syncfusion/ej2-inputs": "~17.2.49",
        "@syncfusion/ej2-lists": "~17.2.47",
        "@syncfusion/ej2-popups": "~17.2.47"
      }
    },
    "@syncfusion/ej2-excel-export": {
      "version": "17.2.47",
      "resolved": "https://registry.npmjs.org/@syncfusion/ej2-excel-export/-/ej2-excel-export-17.2.47.tgz",
      "integrity": "sha512-gICAe/LD8cSZASY8PzhPO1jcwxkidVWpUzWQ+gzeJw6WCW8tWFkfECibtakHnLNVMs4FVqFww1/AfqOnj9J5xA==",
      "requires": {
        "@syncfusion/ej2-base": "~17.2.47",
        "@syncfusion/ej2-compression": "~17.2.47"
      }
    },
    "@syncfusion/ej2-file-utils": {
      "version": "17.2.47",
      "resolved": "https://registry.npmjs.org/@syncfusion/ej2-file-utils/-/ej2-file-utils-17.2.47.tgz",
      "integrity": "sha512-orB2/GglmTXSLvWfaAuNdKZwhIgo+TOhwYKoxsrjmJmgpyy5XzeTLSjsmGP1VfCBBA6EAFiKGaayHLqCw0iTcg=="
    },
    "@syncfusion/ej2-filemanager": {
      "version": "17.2.49",
      "resolved": "https://registry.npmjs.org/@syncfusion/ej2-filemanager/-/ej2-filemanager-17.2.49.tgz",
      "integrity": "sha512-MX3J4ciRSOcahKKT1p79hOtEEkrOlN+tLL9PYaBM13QCIXeLwwftGt7yBC5xHtYXS0CAySTpzymNzXgdL7oU4Q==",
      "requires": {
        "@syncfusion/ej2-grids": "~17.2.49",
        "@syncfusion/ej2-layouts": "~17.2.49",
        "selenium-webdriver": "^4.0.0-alpha.1"
      }
    },
    "@syncfusion/ej2-gantt": {
      "version": "17.2.47",
      "resolved": "https://registry.npmjs.org/@syncfusion/ej2-gantt/-/ej2-gantt-17.2.47.tgz",
      "integrity": "sha512-n0U0zMuC50+WxXrhtonYI9898qmm0bBfNC3vvRl9k4iLzjVIIEwmAyui40T2ngPM17OOk0Xy7JeWR9uzCw4VHg==",
      "requires": {
        "@syncfusion/ej2-base": "~17.2.47",
        "@syncfusion/ej2-buttons": "~17.2.47",
        "@syncfusion/ej2-calendars": "~17.2.47",
        "@syncfusion/ej2-data": "~17.2.47",
        "@syncfusion/ej2-dropdowns": "~17.2.47",
        "@syncfusion/ej2-grids": "~17.2.47",
        "@syncfusion/ej2-inputs": "~17.2.47",
        "@syncfusion/ej2-layouts": "~17.2.47",
        "@syncfusion/ej2-lists": "~17.2.47",
        "@syncfusion/ej2-navigations": "~17.2.47",
        "@syncfusion/ej2-popups": "~17.2.47",
        "@syncfusion/ej2-richtexteditor": "~17.2.47",
        "@syncfusion/ej2-treegrid": "~17.2.47"
      }
    },
    "@syncfusion/ej2-grids": {
      "version": "17.2.49",
      "resolved": "https://registry.npmjs.org/@syncfusion/ej2-grids/-/ej2-grids-17.2.49.tgz",
      "integrity": "sha512-RfXuk47g58hdO/3HYkkZx5LLrcLKTgDUJ4kHLVuejzlqOy7Ks3ppSh7iVgFli+/AncksEzbR3/nLcfB7+XKfTQ==",
      "requires": {
        "@syncfusion/ej2-base": "~17.2.49",
        "@syncfusion/ej2-buttons": "~17.2.47",
        "@syncfusion/ej2-calendars": "~17.2.49",
        "@syncfusion/ej2-compression": "~17.2.47",
        "@syncfusion/ej2-data": "~17.2.47",
        "@syncfusion/ej2-dropdowns": "~17.2.49",
        "@syncfusion/ej2-excel-export": "~17.2.47",
        "@syncfusion/ej2-file-utils": "~17.2.47",
        "@syncfusion/ej2-inputs": "~17.2.49",
        "@syncfusion/ej2-lists": "~17.2.47",
        "@syncfusion/ej2-navigations": "~17.2.49",
        "@syncfusion/ej2-pdf-export": "~17.2.47",
        "@syncfusion/ej2-popups": "~17.2.47",
        "@syncfusion/ej2-splitbuttons": "~17.2.47"
      }
    },
    "@syncfusion/ej2-heatmap": {
      "version": "17.2.47",
      "resolved": "https://registry.npmjs.org/@syncfusion/ej2-heatmap/-/ej2-heatmap-17.2.47.tgz",
      "integrity": "sha512-m3RV/zYwrDRTkZO/aVS1YxyAGkqcxLuZZAxLeF293IJMK1xPafgzn2xBcR6JKPJBjMGf/hsKOhufTFE3OydLFw==",
      "requires": {
        "@syncfusion/ej2-base": "~17.2.47",
        "@syncfusion/ej2-data": "~17.2.47",
        "@syncfusion/ej2-svg-base": "~17.2.47"
      }
    },
    "@syncfusion/ej2-icons": {
      "version": "17.2.47",
      "resolved": "https://registry.npmjs.org/@syncfusion/ej2-icons/-/ej2-icons-17.2.47.tgz",
      "integrity": "sha512-7MUuVFnsCQr2boV3v/RbuY080rBZ3z7Ocv2nMfouk+Bqwn3NX8sBQPJYQmrOPxbQCqndXXD2acPDOEJZN69yAA=="
    },
    "@syncfusion/ej2-inplace-editor": {
      "version": "17.2.47",
      "resolved": "https://registry.npmjs.org/@syncfusion/ej2-inplace-editor/-/ej2-inplace-editor-17.2.47.tgz",
      "integrity": "sha512-Xj8+oXE9D8lMRTafKGaFkNvz0oaCBfqOiR5XVlkrg6jnZkopGVEgwAoebiuIRsJHUN6ulvsTx/cysxfHRR57kw==",
      "requires": {
        "@syncfusion/ej2-base": "~17.2.47",
        "@syncfusion/ej2-buttons": "~17.2.47",
        "@syncfusion/ej2-calendars": "~17.2.47",
        "@syncfusion/ej2-data": "~17.2.47",
        "@syncfusion/ej2-dropdowns": "~17.2.47",
        "@syncfusion/ej2-inputs": "~17.2.47",
        "@syncfusion/ej2-lists": "~17.2.47",
        "@syncfusion/ej2-navigations": "~17.2.47",
        "@syncfusion/ej2-popups": "~17.2.47",
        "@syncfusion/ej2-richtexteditor": "~17.2.47",
        "@syncfusion/ej2-splitbuttons": "~17.2.47"
      }
    },
    "@syncfusion/ej2-inputs": {
      "version": "17.2.49",
      "resolved": "https://registry.npmjs.org/@syncfusion/ej2-inputs/-/ej2-inputs-17.2.49.tgz",
      "integrity": "sha512-hOTj9Pv6P5XY46l3UCy9rYGQ+d342+TBsyLCiLKFLOQq1jtbXzJBKcUUJj2oQHkCJItqNf0awD6wYiZuZHzHNw==",
      "requires": {
        "@syncfusion/ej2-base": "~17.2.49",
        "@syncfusion/ej2-buttons": "~17.2.47",
        "@syncfusion/ej2-popups": "~17.2.47",
        "@syncfusion/ej2-splitbuttons": "~17.2.47"
      }
    },
    "@syncfusion/ej2-layouts": {
      "version": "17.2.49",
      "resolved": "https://registry.npmjs.org/@syncfusion/ej2-layouts/-/ej2-layouts-17.2.49.tgz",
      "integrity": "sha512-y71hmhg35iAKw2fdWX9JtS4onu48Bco1Q/LkkBOrOQQmpit8oVBRvyq5tKE1LC+ZVjER9hLlKtRruMl4DYXzFA==",
      "requires": {
        "@syncfusion/ej2-base": "~17.2.49"
      }
    },
    "@syncfusion/ej2-lineargauge": {
      "version": "17.2.47",
      "resolved": "https://registry.npmjs.org/@syncfusion/ej2-lineargauge/-/ej2-lineargauge-17.2.47.tgz",
      "integrity": "sha512-vDvh51Gh21eGrJBQkDklGV3TRzyJlpc/hpR/t/ec9xeMbmjRlmrHj9EPykypsWnvJtw1bZaD6Fwy++N9TyVJgw==",
      "requires": {
        "@syncfusion/ej2-base": "~17.2.47",
        "@syncfusion/ej2-popups": "~17.2.47",
        "@syncfusion/ej2-svg-base": "~17.2.47"
      }
    },
    "@syncfusion/ej2-lists": {
      "version": "17.2.47",
      "resolved": "https://registry.npmjs.org/@syncfusion/ej2-lists/-/ej2-lists-17.2.47.tgz",
      "integrity": "sha512-R8GPOBTUPKB2zH+qUMZoWViTPaRA4okTc2gBy+MfB//Ydn8U9TNnABi4WDq51YeFJ6UTSNRudzEdzsMED0+Eig==",
      "requires": {
        "@syncfusion/ej2-base": "~17.2.47",
        "@syncfusion/ej2-buttons": "~17.2.47",
        "@syncfusion/ej2-data": "~17.2.47"
      }
    },
    "@syncfusion/ej2-maps": {
      "version": "17.2.47",
      "resolved": "https://registry.npmjs.org/@syncfusion/ej2-maps/-/ej2-maps-17.2.47.tgz",
      "integrity": "sha512-2gklAZm+VOwXBFtfrSPzF8U64oYdevIUpDn1q5semZb398muEfX40GvtZ/NBCVTFkkx1sBXE0HEpbXw8vGoJ0Q==",
      "requires": {
        "@syncfusion/ej2-base": "~17.2.47",
        "@syncfusion/ej2-compression": "~17.2.47",
        "@syncfusion/ej2-data": "~17.2.47",
        "@syncfusion/ej2-file-utils": "~17.2.47",
        "@syncfusion/ej2-pdf-export": "~17.2.47",
        "@syncfusion/ej2-popups": "~17.2.47",
        "@syncfusion/ej2-svg-base": "~17.2.47"
      }
    },
    "@syncfusion/ej2-navigations": {
      "version": "17.2.49",
      "resolved": "https://registry.npmjs.org/@syncfusion/ej2-navigations/-/ej2-navigations-17.2.49.tgz",
      "integrity": "sha512-vwQI/J704i0UobVXzSWMnqKaHQ7NkAMrySH3jVMu0XpANAtEuuRYCM6Ia+0hE/PUzg4571ld0g/0ooRhqUfsGw==",
      "requires": {
        "@syncfusion/ej2-base": "~17.2.49",
        "@syncfusion/ej2-buttons": "~17.2.47",
        "@syncfusion/ej2-data": "~17.2.47",
        "@syncfusion/ej2-inputs": "~17.2.49",
        "@syncfusion/ej2-lists": "~17.2.47",
        "@syncfusion/ej2-popups": "~17.2.47"
      }
    },
    "@syncfusion/ej2-notifications": {
      "version": "17.2.47",
      "resolved": "https://registry.npmjs.org/@syncfusion/ej2-notifications/-/ej2-notifications-17.2.47.tgz",
      "integrity": "sha512-olu7rJBtK06FNyUgOIy0XON0v4jzqw8qSwTM6wtvdZlLFqkfBya/fDLq3QN1AEEdAhPa5TUMhzb5EKB6wq2Z0w==",
      "requires": {
        "@syncfusion/ej2-base": "~17.2.47",
        "@syncfusion/ej2-buttons": "~17.2.47",
        "@syncfusion/ej2-popups": "~17.2.47"
      }
    },
    "@syncfusion/ej2-office-chart": {
      "version": "17.2.47",
      "resolved": "https://registry.npmjs.org/@syncfusion/ej2-office-chart/-/ej2-office-chart-17.2.47.tgz",
      "integrity": "sha512-/kddXCj3c62zQxxIV9haeAMw7OZQidMyEmmGcu7Hs8L4YLLO5idQnrnkEhuoU4Q7rBQSXUQRiiLb4uYdGgCxrg==",
      "requires": {
        "@syncfusion/ej2-charts": "~17.2.47"
      }
    },
    "@syncfusion/ej2-pdf-export": {
      "version": "17.2.47",
      "resolved": "https://registry.npmjs.org/@syncfusion/ej2-pdf-export/-/ej2-pdf-export-17.2.47.tgz",
      "integrity": "sha512-A+syD00x/rtnCRqSGTs2+fKz5kbxd2k/xrJP+a2kJBfJw1ycFuwPFe566s69lu+DFAUKRqUwGt2B0VRIrxCecQ==",
      "requires": {
        "@syncfusion/ej2-compression": "~17.2.47"
      }
    },
    "@syncfusion/ej2-pdfviewer": {
      "version": "17.2.49",
      "resolved": "https://registry.npmjs.org/@syncfusion/ej2-pdfviewer/-/ej2-pdfviewer-17.2.49.tgz",
      "integrity": "sha512-Yz5uVps2jPgkg1b0f3BCu6tT0M67jZwLmfPX7H00Qm7dD86+blj9HOYen4IHl8f2V90TO1yA/+ayqTpZwOZNzg==",
      "requires": {
        "@syncfusion/ej2-base": "~17.2.49",
        "@syncfusion/ej2-buttons": "~17.2.47",
        "@syncfusion/ej2-calendars": "~17.2.49",
        "@syncfusion/ej2-data": "~17.2.47",
        "@syncfusion/ej2-drawings": "~17.2.47",
        "@syncfusion/ej2-dropdowns": "~17.2.49",
        "@syncfusion/ej2-inplace-editor": "~17.2.47",
        "@syncfusion/ej2-inputs": "~17.2.49",
        "@syncfusion/ej2-lists": "~17.2.47",
        "@syncfusion/ej2-navigations": "~17.2.49",
        "@syncfusion/ej2-notifications": "~17.2.47",
        "@syncfusion/ej2-popups": "~17.2.47",
        "@syncfusion/ej2-richtexteditor": "~17.2.49"
      }
    },
    "@syncfusion/ej2-pivotview": {
      "version": "17.2.47",
      "resolved": "https://registry.npmjs.org/@syncfusion/ej2-pivotview/-/ej2-pivotview-17.2.47.tgz",
      "integrity": "sha512-dtROOlGkQJT2yAuAE1s58KK71Ua6xl9jRGwlyC/CadGOjZKDn/rRaczE2lX3pM/2LTW3SSUOGUqylNGkFvPZmg==",
      "requires": {
        "@syncfusion/ej2-base": "~17.2.47",
        "@syncfusion/ej2-buttons": "~17.2.47",
        "@syncfusion/ej2-calendars": "~17.2.47",
        "@syncfusion/ej2-charts": "~17.2.47",
        "@syncfusion/ej2-compression": "~17.2.47",
        "@syncfusion/ej2-data": "~17.2.47",
        "@syncfusion/ej2-dropdowns": "~17.2.47",
        "@syncfusion/ej2-excel-export": "~17.2.47",
        "@syncfusion/ej2-file-utils": "~17.2.47",
        "@syncfusion/ej2-grids": "~17.2.47",
        "@syncfusion/ej2-inputs": "~17.2.47",
        "@syncfusion/ej2-lists": "~17.2.47",
        "@syncfusion/ej2-navigations": "~17.2.47",
        "@syncfusion/ej2-pdf-export": "~17.2.47",
        "@syncfusion/ej2-popups": "~17.2.47",
        "@syncfusion/ej2-svg-base": "~17.2.47"
      }
    },
    "@syncfusion/ej2-popups": {
      "version": "17.2.47",
      "resolved": "https://registry.npmjs.org/@syncfusion/ej2-popups/-/ej2-popups-17.2.47.tgz",
      "integrity": "sha512-xlBDP2gCT0Ebohz/kxlJLzLwlBY6c54bH23EnqXQgOrKJubiAN8X8ZGvOXfmop4JL5l2ohZqrj0/cpQjpoC7gw==",
      "requires": {
        "@syncfusion/ej2-base": "~17.2.47",
        "@syncfusion/ej2-buttons": "~17.2.47"
      }
    },
    "@syncfusion/ej2-querybuilder": {
      "version": "17.2.47",
      "resolved": "https://registry.npmjs.org/@syncfusion/ej2-querybuilder/-/ej2-querybuilder-17.2.47.tgz",
      "integrity": "sha512-4dRvTCzzOQWn0OwcsJtiY2KIKbHvLT1nolD9aotW513FeGIeco0GsCAW6OzN+2EyW8IcS5f2UvI6fZVV2FwSTA==",
      "requires": {
        "@syncfusion/ej2-base": "~17.2.47",
        "@syncfusion/ej2-buttons": "~17.2.47",
        "@syncfusion/ej2-calendars": "~17.2.47",
        "@syncfusion/ej2-dropdowns": "~17.2.47",
        "@syncfusion/ej2-inputs": "~17.2.47",
        "@syncfusion/ej2-splitbuttons": "~17.2.47"
      }
    },
    "@syncfusion/ej2-richtexteditor": {
      "version": "17.2.49",
      "resolved": "https://registry.npmjs.org/@syncfusion/ej2-richtexteditor/-/ej2-richtexteditor-17.2.49.tgz",
      "integrity": "sha512-cuA86jkXWg97UwvPwhXJoXzYO8Mzbkeah01UYK+o+rvaV8TMTdchAzYgIyPjD04ZeTfYWKY18mFNNreLiLTEVw==",
      "requires": {
        "@syncfusion/ej2-base": "~17.2.49",
        "@syncfusion/ej2-navigations": "~17.2.49",
        "@syncfusion/ej2-popups": "~17.2.47",
        "@syncfusion/ej2-splitbuttons": "~17.2.47"
      }
    },
    "@syncfusion/ej2-schedule": {
      "version": "17.2.49",
      "resolved": "https://registry.npmjs.org/@syncfusion/ej2-schedule/-/ej2-schedule-17.2.49.tgz",
      "integrity": "sha512-5paH9JGflKtGOJfbpbv9IcNHUqyMJxyevQJAfYmihG8nOu1DdFyo67+VF11i8FxeQ5o1pLNuNOm6OL5Vw8wYjg==",
      "requires": {
        "@syncfusion/ej2-base": "~17.2.49",
        "@syncfusion/ej2-buttons": "~17.2.47",
        "@syncfusion/ej2-calendars": "~17.2.49",
        "@syncfusion/ej2-data": "~17.2.47",
        "@syncfusion/ej2-dropdowns": "~17.2.49",
        "@syncfusion/ej2-excel-export": "~17.2.47",
        "@syncfusion/ej2-inputs": "~17.2.49",
        "@syncfusion/ej2-lists": "~17.2.47",
        "@syncfusion/ej2-navigations": "~17.2.49",
        "@syncfusion/ej2-popups": "~17.2.47"
      }
    },
    "@syncfusion/ej2-splitbuttons": {
      "version": "17.2.47",
      "resolved": "https://registry.npmjs.org/@syncfusion/ej2-splitbuttons/-/ej2-splitbuttons-17.2.47.tgz",
      "integrity": "sha512-8NXixEcojAnBcJC3jGQdhiknDf68B/iP4fFyy4Ivi2vYC7sGMoyveOB4pMcqx2aghnMjDjBmNsayvlgFdS54bg==",
      "requires": {
        "@syncfusion/ej2-base": "~17.2.47",
        "@syncfusion/ej2-popups": "~17.2.47"
      }
    },
    "@syncfusion/ej2-svg-base": {
      "version": "17.2.47",
      "resolved": "https://registry.npmjs.org/@syncfusion/ej2-svg-base/-/ej2-svg-base-17.2.47.tgz",
      "integrity": "sha512-aW8lxiAp3iFh6UOkehTNFm1O4oR/SnWkQOINg86aGUq3NCd7Dev6LiNbpbbz5e0bP0bHEJkTKtQRK4oJJqjh9w==",
      "requires": {
        "@syncfusion/ej2-base": "~17.2.47"
      }
    },
    "@syncfusion/ej2-treegrid": {
      "version": "17.2.47",
      "resolved": "https://registry.npmjs.org/@syncfusion/ej2-treegrid/-/ej2-treegrid-17.2.47.tgz",
      "integrity": "sha512-++A2aThyoISij5Orl4dQYew1n7NjMAI5yxMnPEuLoYNUNbPFPlSG8JlVAHMBxoz+AX2wFH3z9qAG+Mi2dNfVHA==",
      "requires": {
        "@syncfusion/ej2-base": "~17.2.47",
        "@syncfusion/ej2-data": "~17.2.47",
        "@syncfusion/ej2-grids": "~17.2.47",
        "@syncfusion/ej2-popups": "~17.2.47"
      }
    },
    "@syncfusion/ej2-treemap": {
      "version": "17.2.47",
      "resolved": "https://registry.npmjs.org/@syncfusion/ej2-treemap/-/ej2-treemap-17.2.47.tgz",
      "integrity": "sha512-SXce4Ph8mXtMK5RjGkCWd682gJpBsMIZk9K2Rt+l4LmpgvSZZZER7y+KyyJ/r/em0Qphe/F3tYTWqzQGSVEAjQ==",
      "requires": {
        "@syncfusion/ej2-base": "~17.2.47",
        "@syncfusion/ej2-compression": "~17.2.47",
        "@syncfusion/ej2-data": "~17.2.47",
        "@syncfusion/ej2-file-utils": "~17.2.47",
        "@syncfusion/ej2-pdf-export": "~17.2.47",
        "@syncfusion/ej2-svg-base": "~17.2.47"
      }
    },
    "balanced-match": {
      "version": "1.0.0",
      "resolved": "https://registry.npmjs.org/balanced-match/-/balanced-match-1.0.0.tgz",
      "integrity": "sha1-ibTRmasr7kneFk6gK4nORi1xt2c="
    },
    "brace-expansion": {
      "version": "1.1.11",
      "resolved": "https://registry.npmjs.org/brace-expansion/-/brace-expansion-1.1.11.tgz",
      "integrity": "sha512-iCuPHDFgrHX7H2vEI/5xpz07zSHB00TpugqhmYtVmMO6518mCuRMoOYFldEBl0g187ufozdaHgWKcYFb61qGiA==",
      "requires": {
        "balanced-match": "^1.0.0",
        "concat-map": "0.0.1"
      }
    },
    "concat-map": {
      "version": "0.0.1",
      "resolved": "https://registry.npmjs.org/concat-map/-/concat-map-0.0.1.tgz",
      "integrity": "sha1-2Klr13/Wjfd5OnMDajug1UBdR3s="
    },
    "core-util-is": {
      "version": "1.0.2",
      "resolved": "https://registry.npmjs.org/core-util-is/-/core-util-is-1.0.2.tgz",
      "integrity": "sha1-tf1UIgqivFq1eqtxQMlAdUUDwac="
    },
    "define-properties": {
      "version": "1.1.3",
      "resolved": "https://registry.npmjs.org/define-properties/-/define-properties-1.1.3.tgz",
      "integrity": "sha512-3MqfYKj2lLzdMSf8ZIZE/V+Zuy+BgD6f164e8K2w7dgnpKArBDerGYpM46IYYcjnkdPNMjPk9A6VFB8+3SKlXQ==",
      "requires": {
        "object-keys": "^1.0.12"
      }
    },
    "es-abstract": {
      "version": "1.14.1",
      "resolved": "https://registry.npmjs.org/es-abstract/-/es-abstract-1.14.1.tgz",
      "integrity": "sha512-cp/Tb1oA/rh2X7vqeSOvM+TSo3UkJLX70eNihgVEvnzwAgikjkTFr/QVgRCaxjm0knCNQzNoxxxcw2zO2LJdZA==",
      "requires": {
        "es-to-primitive": "^1.2.0",
        "function-bind": "^1.1.1",
        "has": "^1.0.3",
        "has-symbols": "^1.0.0",
        "is-callable": "^1.1.4",
        "is-regex": "^1.0.4",
        "object-inspect": "^1.6.0",
        "object-keys": "^1.1.1",
        "string.prototype.trimleft": "^2.0.0",
        "string.prototype.trimright": "^2.0.0"
      }
    },
    "es-to-primitive": {
      "version": "1.2.0",
      "resolved": "https://registry.npmjs.org/es-to-primitive/-/es-to-primitive-1.2.0.tgz",
      "integrity": "sha512-qZryBOJjV//LaxLTV6UC//WewneB3LcXOL9NP++ozKVXsIIIpm/2c13UDiD9Jp2eThsecw9m3jPqDwTyobcdbg==",
      "requires": {
        "is-callable": "^1.1.4",
        "is-date-object": "^1.0.1",
        "is-symbol": "^1.0.2"
      }
    },
    "fs.realpath": {
      "version": "1.0.0",
      "resolved": "https://registry.npmjs.org/fs.realpath/-/fs.realpath-1.0.0.tgz",
      "integrity": "sha1-FQStJSMVjKpA20onh8sBQRmU6k8="
    },
    "function-bind": {
      "version": "1.1.1",
      "resolved": "https://registry.npmjs.org/function-bind/-/function-bind-1.1.1.tgz",
      "integrity": "sha512-yIovAzMX49sF8Yl58fSCWJ5svSLuaibPxXQJFLmBObTuCr0Mf1KiPopGM9NiFjiYBCbfaa2Fh6breQ6ANVTI0A=="
    },
    "glob": {
      "version": "7.1.4",
      "resolved": "https://registry.npmjs.org/glob/-/glob-7.1.4.tgz",
      "integrity": "sha512-hkLPepehmnKk41pUGm3sYxoFs/umurYfYJCerbXEyFIWcAzvpipAgVkBqqT9RBKMGjnq6kMuyYwha6csxbiM1A==",
      "requires": {
        "fs.realpath": "^1.0.0",
        "inflight": "^1.0.4",
        "inherits": "2",
        "minimatch": "^3.0.4",
        "once": "^1.3.0",
        "path-is-absolute": "^1.0.0"
      }
    },
    "has": {
      "version": "1.0.3",
      "resolved": "https://registry.npmjs.org/has/-/has-1.0.3.tgz",
      "integrity": "sha512-f2dvO0VU6Oej7RkWJGrehjbzMAjFp5/VKPp5tTpWIV4JHHZK1/BxbFRtf/siA2SWTe09caDmVtYYzWEIbBS4zw==",
      "requires": {
        "function-bind": "^1.1.1"
      }
    },
    "has-symbols": {
      "version": "1.0.0",
      "resolved": "https://registry.npmjs.org/has-symbols/-/has-symbols-1.0.0.tgz",
      "integrity": "sha1-uhqPGvKg/DllD1yFA2dwQSIGO0Q="
    },
    "immediate": {
      "version": "3.0.6",
      "resolved": "https://registry.npmjs.org/immediate/-/immediate-3.0.6.tgz",
      "integrity": "sha1-nbHb0Pr43m++D13V5Wu2BigN5ps="
    },
    "inflight": {
      "version": "1.0.6",
      "resolved": "https://registry.npmjs.org/inflight/-/inflight-1.0.6.tgz",
      "integrity": "sha1-Sb1jMdfQLQwJvJEKEHW6gWW1bfk=",
      "requires": {
        "once": "^1.3.0",
        "wrappy": "1"
      }
    },
    "inherits": {
      "version": "2.0.4",
      "resolved": "https://registry.npmjs.org/inherits/-/inherits-2.0.4.tgz",
      "integrity": "sha512-k/vGaX4/Yla3WzyMCvTQOXYeIHvqOKtnqBduzTHpzpQZzAskKMhZ2K+EnBiSM9zGSoIFeMpXKxa4dYeZIQqewQ=="
    },
    "is-callable": {
      "version": "1.1.4",
      "resolved": "https://registry.npmjs.org/is-callable/-/is-callable-1.1.4.tgz",
      "integrity": "sha512-r5p9sxJjYnArLjObpjA4xu5EKI3CuKHkJXMhT7kwbpUyIFD1n5PMAsoPvWnvtZiNz7LjkYDRZhd7FlI0eMijEA=="
    },
    "is-date-object": {
      "version": "1.0.1",
      "resolved": "https://registry.npmjs.org/is-date-object/-/is-date-object-1.0.1.tgz",
      "integrity": "sha1-mqIOtq7rv/d/vTPnTKAbM1gdOhY="
    },
    "is-regex": {
      "version": "1.0.4",
      "resolved": "https://registry.npmjs.org/is-regex/-/is-regex-1.0.4.tgz",
      "integrity": "sha1-VRdIm1RwkbCTDglWVM7SXul+lJE=",
      "requires": {
        "has": "^1.0.1"
      }
    },
    "is-symbol": {
      "version": "1.0.2",
      "resolved": "https://registry.npmjs.org/is-symbol/-/is-symbol-1.0.2.tgz",
      "integrity": "sha512-HS8bZ9ox60yCJLH9snBpIwv9pYUAkcuLhSA1oero1UB5y9aiQpRA8y2ex945AOtCZL1lJDeIk3G5LthswI46Lw==",
      "requires": {
        "has-symbols": "^1.0.0"
      }
    },
    "isarray": {
      "version": "1.0.0",
      "resolved": "https://registry.npmjs.org/isarray/-/isarray-1.0.0.tgz",
      "integrity": "sha1-u5NdSFgsuhaMBoNJV6VKPgcSTxE="
    },
    "jszip": {
      "version": "3.2.2",
      "resolved": "https://registry.npmjs.org/jszip/-/jszip-3.2.2.tgz",
      "integrity": "sha512-NmKajvAFQpbg3taXQXr/ccS2wcucR1AZ+NtyWp2Nq7HHVsXhcJFR8p0Baf32C2yVvBylFWVeKf+WI2AnvlPhpA==",
      "requires": {
        "lie": "~3.3.0",
        "pako": "~1.0.2",
        "readable-stream": "~2.3.6",
        "set-immediate-shim": "~1.0.1"
      }
    },
    "lie": {
      "version": "3.3.0",
      "resolved": "https://registry.npmjs.org/lie/-/lie-3.3.0.tgz",
      "integrity": "sha512-UaiMJzeWRlEujzAuw5LokY1L5ecNQYZKfmyZ9L7wDHb/p5etKaxXhohBcrw0EYby+G/NA52vRSN4N39dxHAIwQ==",
      "requires": {
        "immediate": "~3.0.5"
      }
    },
    "minimatch": {
      "version": "3.0.4",
      "resolved": "https://registry.npmjs.org/minimatch/-/minimatch-3.0.4.tgz",
      "integrity": "sha512-yJHVQEhyqPLUTgt9B83PXu6W3rx4MvvHvSUvToogpwoGDOUQ+yDrR0HRot+yOCdCO7u4hX3pWft6kWBBcqh0UA==",
      "requires": {
        "brace-expansion": "^1.1.7"
      }
    },
    "object-inspect": {
      "version": "1.6.0",
      "resolved": "https://registry.npmjs.org/object-inspect/-/object-inspect-1.6.0.tgz",
      "integrity": "sha512-GJzfBZ6DgDAmnuaM3104jR4s1Myxr3Y3zfIyN4z3UdqN69oSRacNK8UhnobDdC+7J2AHCjGwxQubNJfE70SXXQ=="
    },
    "object-keys": {
      "version": "1.1.1",
      "resolved": "https://registry.npmjs.org/object-keys/-/object-keys-1.1.1.tgz",
      "integrity": "sha512-NuAESUOUMrlIXOfHKzD6bpPu3tYt3xvjNdRIQ+FeT0lNb4K8WR70CaDxhuNguS2XG+GjkyMwOzsN5ZktImfhLA=="
    },
    "object.getownpropertydescriptors": {
      "version": "2.0.3",
      "resolved": "https://registry.npmjs.org/object.getownpropertydescriptors/-/object.getownpropertydescriptors-2.0.3.tgz",
      "integrity": "sha1-h1jIRvW0B62rDyNuCYbxSwUcqhY=",
      "requires": {
        "define-properties": "^1.1.2",
        "es-abstract": "^1.5.1"
      }
    },
    "once": {
      "version": "1.4.0",
      "resolved": "https://registry.npmjs.org/once/-/once-1.4.0.tgz",
      "integrity": "sha1-WDsap3WWHUsROsF9nFC6753Xa9E=",
      "requires": {
        "wrappy": "1"
      }
    },
    "os-tmpdir": {
      "version": "1.0.2",
      "resolved": "https://registry.npmjs.org/os-tmpdir/-/os-tmpdir-1.0.2.tgz",
      "integrity": "sha1-u+Z0BseaqFxc/sdm/lc0VV36EnQ="
    },
    "pako": {
      "version": "1.0.10",
      "resolved": "https://registry.npmjs.org/pako/-/pako-1.0.10.tgz",
      "integrity": "sha512-0DTvPVU3ed8+HNXOu5Bs+o//Mbdj9VNQMUOe9oKCwh8l0GNwpTDMKCWbRjgtD291AWnkAgkqA/LOnQS8AmS1tw=="
    },
    "path-is-absolute": {
      "version": "1.0.1",
      "resolved": "https://registry.npmjs.org/path-is-absolute/-/path-is-absolute-1.0.1.tgz",
      "integrity": "sha1-F0uSaHNVNP+8es5r9TpanhtcX18="
    },
    "process-nextick-args": {
      "version": "2.0.1",
      "resolved": "https://registry.npmjs.org/process-nextick-args/-/process-nextick-args-2.0.1.tgz",
      "integrity": "sha512-3ouUOpQhtgrbOa17J7+uxOTpITYWaGP7/AhoR3+A+/1e9skrzelGi/dXzEYyvbxubEF6Wn2ypscTKiKJFFn1ag=="
    },
    "readable-stream": {
      "version": "2.3.6",
      "resolved": "https://registry.npmjs.org/readable-stream/-/readable-stream-2.3.6.tgz",
      "integrity": "sha512-tQtKA9WIAhBF3+VLAseyMqZeBjW0AHJoxOtYqSUZNJxauErmLbVm2FW1y+J/YA9dUrAC39ITejlZWhVIwawkKw==",
      "requires": {
        "core-util-is": "~1.0.0",
        "inherits": "~2.0.3",
        "isarray": "~1.0.0",
        "process-nextick-args": "~2.0.0",
        "safe-buffer": "~5.1.1",
        "string_decoder": "~1.1.1",
        "util-deprecate": "~1.0.1"
      }
    },
    "rimraf": {
      "version": "2.7.1",
      "resolved": "https://registry.npmjs.org/rimraf/-/rimraf-2.7.1.tgz",
      "integrity": "sha512-uWjbaKIK3T1OSVptzX7Nl6PvQ3qAGtKEtVRjRuazjfL3Bx5eI409VZSqgND+4UNnmzLVdPj9FqFJNPqBZFve4w==",
      "requires": {
        "glob": "^7.1.3"
      }
    },
    "safe-buffer": {
      "version": "5.1.2",
      "resolved": "https://registry.npmjs.org/safe-buffer/-/safe-buffer-5.1.2.tgz",
      "integrity": "sha512-Gd2UZBJDkXlY7GbJxfsE8/nvKkUEU1G38c1siN6QP6a9PT9MmHB8GnpscSmMJSoF8LOIrt8ud/wPtojys4G6+g=="
    },
    "sax": {
      "version": "1.2.4",
      "resolved": "https://registry.npmjs.org/sax/-/sax-1.2.4.tgz",
      "integrity": "sha512-NqVDv9TpANUjFm0N8uM5GxL36UgKi9/atZw+x7YFnQ8ckwFGKrl4xX4yWtrey3UJm5nP1kUbnYgLopqWNSRhWw=="
    },
    "selenium-webdriver": {
      "version": "4.0.0-alpha.4",
      "resolved": "https://registry.npmjs.org/selenium-webdriver/-/selenium-webdriver-4.0.0-alpha.4.tgz",
      "integrity": "sha512-etJt20d8qInkxMAHIm5SEpPBSS+CdxVcybnxzSIB/GlWErb8pIWrArz/VA6VfUW0/6tIcokepXQ5ufvdzqqk1A==",
      "requires": {
        "jszip": "^3.1.5",
        "rimraf": "^2.6.3",
        "tmp": "0.0.30",
        "xml2js": "^0.4.19"
      }
    },
    "set-immediate-shim": {
      "version": "1.0.1",
      "resolved": "https://registry.npmjs.org/set-immediate-shim/-/set-immediate-shim-1.0.1.tgz",
      "integrity": "sha1-SysbJ+uAip+NzEgaWOXlb1mfP2E="
    },
    "string.prototype.trimleft": {
      "version": "2.0.0",
      "resolved": "https://registry.npmjs.org/string.prototype.trimleft/-/string.prototype.trimleft-2.0.0.tgz",
      "integrity": "sha1-aLaqjhYsaoDnbjqKDC50cYbicf8=",
      "requires": {
        "define-properties": "^1.1.2",
        "function-bind": "^1.0.2"
      }
    },
    "string.prototype.trimright": {
      "version": "2.0.0",
      "resolved": "https://registry.npmjs.org/string.prototype.trimright/-/string.prototype.trimright-2.0.0.tgz",
      "integrity": "sha1-q0pW2AKgH75yk+EehPJNyBZGYd0=",
      "requires": {
        "define-properties": "^1.1.2",
        "function-bind": "^1.0.2"
      }
    },
    "string_decoder": {
      "version": "1.1.1",
      "resolved": "https://registry.npmjs.org/string_decoder/-/string_decoder-1.1.1.tgz",
      "integrity": "sha512-n/ShnvDi6FHbbVfviro+WojiFzv+s8MPMHBczVePfUpDJLwoLT0ht1l4YwBCbi8pJAveEEdnkHyPyTP/mzRfwg==",
      "requires": {
        "safe-buffer": "~5.1.0"
      }
    },
    "tmp": {
      "version": "0.0.30",
      "resolved": "https://registry.npmjs.org/tmp/-/tmp-0.0.30.tgz",
      "integrity": "sha1-ckGdSovn1s51FI/YsyTlk6cRwu0=",
      "requires": {
        "os-tmpdir": "~1.0.1"
      }
    },
    "tslib": {
      "version": "1.10.0",
      "resolved": "https://registry.npmjs.org/tslib/-/tslib-1.10.0.tgz",
      "integrity": "sha512-qOebF53frne81cf0S9B41ByenJ3/IuH8yJKngAX35CmiZySA0khhkovshKK+jGCaMnVomla7gVlIcc3EvKPbTQ=="
    },
    "util-deprecate": {
      "version": "1.0.2",
      "resolved": "https://registry.npmjs.org/util-deprecate/-/util-deprecate-1.0.2.tgz",
      "integrity": "sha1-RQ1Nyfpw3nMnYvvS1KKJgUGaDM8="
    },
    "util.promisify": {
      "version": "1.0.0",
      "resolved": "https://registry.npmjs.org/util.promisify/-/util.promisify-1.0.0.tgz",
      "integrity": "sha512-i+6qA2MPhvoKLuxnJNpXAGhg7HphQOSUq2LKMZD0m15EiskXUkMvKdF4Uui0WYeCUGea+o2cw/ZuwehtfsrNkA==",
      "requires": {
        "define-properties": "^1.1.2",
        "object.getownpropertydescriptors": "^2.0.3"
      }
    },
    "wrappy": {
      "version": "1.0.2",
      "resolved": "https://registry.npmjs.org/wrappy/-/wrappy-1.0.2.tgz",
      "integrity": "sha1-tSQ9jz7BqjXxNkYFvA0QNuMKtp8="
    },
    "xml2js": {
      "version": "0.4.22",
      "resolved": "https://registry.npmjs.org/xml2js/-/xml2js-0.4.22.tgz",
      "integrity": "sha512-MWTbxAQqclRSTnehWWe5nMKzI3VmJ8ltiJEco8akcC6j3miOhjjfzKum5sId+CWhfxdOs/1xauYr8/ZDBtQiRw==",
      "requires": {
        "sax": ">=0.6.0",
        "util.promisify": "~1.0.0",
        "xmlbuilder": "~11.0.0"
      }
    },
    "xmlbuilder": {
      "version": "11.0.1",
      "resolved": "https://registry.npmjs.org/xmlbuilder/-/xmlbuilder-11.0.1.tgz",
      "integrity": "sha512-fDlsI/kFEx7gLvbecc0/ohLG50fugQp8ryHzMTuW9vSa1GJ0XYWKnhsUx7oie3G98+r56aTQIUB4kht42R3JvA=="
    }
  }
}
